
Microsoft Visual Studio Solution File, Format Version 12.00
# Visual Studio Version 16
VisualStudioVersion = 16.0.30002.166
MinimumVisualStudioVersion = 10.0.40219.1
Project("{9A19103F-16F7-4668-BE54-9A1E7A4F7556}") = "RepRapFirmwareConfig.Cli", "RepRapFirmwareConfig.Cli\RepRapFirmwareConfig.Cli.csproj", "{42D027A2-0D16-43DA-A4FD-850E743C8056}"
EndProject
Project("{FAE04EC0-301F-11D3-BF4B-00C04F79EFBC}") = "DuetToolBuilder", "DuetToolBuilder\DuetToolBuilder.csproj", "{8E0F11C4-57FD-4A57-A64D-F7EAFB122B7A}"
EndProject
Global
	GlobalSection(SolutionConfigurationPlatforms) = preSolution
		Debug|Any CPU = Debug|Any CPU
		Release|Any CPU = Release|Any CPU
	EndGlobalSection
	GlobalSection(ProjectConfigurationPlatforms) = postSolution
		{42D027A2-0D16-43DA-A4FD-850E743C8056}.Debug|Any CPU.ActiveCfg = Debug|Any CPU
		{42D027A2-0D16-43DA-A4FD-850E743C8056}.Debug|Any CPU.Build.0 = Debug|Any CPU
		{42D027A2-0D16-43DA-A4FD-850E743C8056}.Release|Any CPU.ActiveCfg = Release|Any CPU
		{42D027A2-0D16-43DA-A4FD-850E743C8056}.Release|Any CPU.Build.0 = Release|Any CPU
		{8E0F11C4-57FD-4A57-A64D-F7EAFB122B7A}.Debug|Any CPU.ActiveCfg = Debug|Any CPU
		{8E0F11C4-57FD-4A57-A64D-F7EAFB122B7A}.Debug|Any CPU.Build.0 = Debug|Any CPU
		{8E0F11C4-57FD-4A57-A64D-F7EAFB122B7A}.Release|Any CPU.ActiveCfg = Release|Any CPU
		{8E0F11C4-57FD-4A57-A64D-F7EAFB122B7A}.Release|Any CPU.Build.0 = Release|Any CPU
	EndGlobalSection
	GlobalSection(SolutionProperties) = preSolution
		HideSolutionNode = FALSE
	EndGlobalSection
	GlobalSection(ExtensibilityGlobals) = postSolution
		SolutionGuid = {8A0AF86B-C0AF-4BA9-B2EB-FC1FC6572570}
	EndGlobalSection
EndGlobal
